<?xml version="1.0" encoding="utf-8"?>
<Project ToolsVersion="4.0" xmlns="http://schemas.microsoft.com/developer/msbuild/2003">
  <ItemGroup>
    <Filter Include="src">
      <UniqueIdentifier>{7e45e503-44d2-4a02-82ca-3abedffd3441}</UniqueIdentifier>
    </Filter>
    <Filter Include="src\inc">
      <UniqueIdentifier>{37fda701-cf0b-40dc-b29f-df06048ce843}</UniqueIdentifier>
    </Filter>
    <Filter Include="src\emu">
      <UniqueIdentifier>{c82f0578-e1b1-4472-8d15-56624159384a}</UniqueIdentifier>
    </Filter>
    <Filter Include="src\emu\win32">
      <UniqueIdentifier>{c34e09a3-8fa6-4908-9c89-a795049a6f46}</UniqueIdentifier>
    </Filter>
  </ItemGroup>
  <ItemGroup>
    <ClCompile Include="..\..\src\emu\asm.c">
      <Filter>src\emu</Filter>
    </ClCompile>
    <ClCompile Include="..\..\src\emu\bios.c">
      <Filter>src\emu</Filter>
    </ClCompile>
    <ClCompile Include="..\..\src\emu\bus.c">
      <Filter>src\emu</Filter>
    </ClCompile>
    <ClCompile Include="..\..\src\emu\card.c">
      <Filter>src\emu</Filter>
    </ClCompile>
    <ClCompile Include="..\..\src\emu\cdrom.c">
      <Filter>src\emu</Filter>
    </ClCompile>
    <ClCompile Include="..\..\src\emu\cpu.c">
      <Filter>src\emu</Filter>
    </ClCompile>
    <ClCompile Include="..\..\src\emu\dasm.c">
      <Filter>src\emu</Filter>
    </ClCompile>
    <ClCompile Include="..\..\src\emu\dbg.c">
      <Filter>src\emu</Filter>
    </ClCompile>
    <ClCompile Include="..\..\src\emu\dma.c">
      <Filter>src\emu</Filter>
    </ClCompile>
    <ClCompile Include="..\..\src\emu\gpu.c">
      <Filter>src\emu</Filter>
    </ClCompile>
    <ClCompile Include="..\..\src\emu\gte.c">
      <Filter>src\emu</Filter>
    </ClCompile>
    <ClCompile Include="..\..\src\emu\log.c">
      <Filter>src\emu</Filter>
    </ClCompile>
    <ClCompile Include="..\..\src\emu\main.c">
      <Filter>src\emu</Filter>
    </ClCompile>
    <ClCompile Include="..\..\src\emu\mdec.c">
      <Filter>src\emu</Filter>
    </ClCompile>
    <ClCompile Include="..\..\src\emu\pad.c">
      <Filter>src\emu</Filter>
    </ClCompile>
    <ClCompile Include="..\..\src\emu\pio.c">
      <Filter>src\emu</Filter>
    </ClCompile>
    <ClCompile Include="..\..\src\emu\sio.c">
      <Filter>src\emu</Filter>
    </ClCompile>
    <ClCompile Include="..\..\src\emu\spu.c">
      <Filter>src\emu</Filter>
    </ClCompile>
    <ClCompile Include="..\..\src\emu\win32\win32.c">
      <Filter>src\emu\win32</Filter>
    </ClCompile>
  </ItemGroup>
  <ItemGroup>
    <ClInclude Include="..\..\src\inc\psx.h">
      <Filter>src\inc</Filter>
    </ClInclude>
  </ItemGroup>
</Project>